{
	"name": "cheeket",
	"version": "3.0.0",
	"lockfileVersion": 2,
	"requires": true,
	"packages": {
		"": {
			"version": "2.3.5",
			"license": "MIT",
			"dependencies": {
				"eventemitter2": "^6.4.3",
				"uniqid": "^5.2.0"
			},
			"devDependencies": {
				"@types/uniqid": "^5.2.0"
			}
		},
		"node_modules/@types/uniqid": {
			"version": "5.3.0",
			"resolved": "https://registry.npmjs.org/@types/uniqid/-/uniqid-5.3.0.tgz",
			"integrity": "sha512-1bVk2JhP660eMBtJQWJp5a3wPvS/TtqFBW4t5akMUNnEPr7Qj7QXuGCOBF6nSEqYBBQ9KuwZpp/6OzcQI5hkXg==",
			"dev": true
		},
		"node_modules/eventemitter2": {
			"version": "6.4.4",
			"resolved": "https://registry.npmjs.org/eventemitter2/-/eventemitter2-6.4.4.tgz",
			"integrity": "sha512-HLU3NDY6wARrLCEwyGKRBvuWYyvW6mHYv72SJJAH3iJN3a6eVUvkjFkcxah1bcTgGVBBrFdIopBJPhCQFMLyXw=="
		},
		"node_modules/uniqid": {
			"version": "5.3.0",
			"resolved": "https://registry.npmjs.org/uniqid/-/uniqid-5.3.0.tgz",
			"integrity": "sha512-Jq8EzvAT8/CcLu8tzoSiylnzPkNhJJKpnMT964Dj1jI4pG4sKYP9aFVByNTp8KzMvYlW1Um63PCDqtOoujNzrA=="
		}
	},
	"dependencies": {
		"@types/uniqid": {
			"version": "5.3.0",
			"resolved": "https://registry.npmjs.org/@types/uniqid/-/uniqid-5.3.0.tgz",
			"integrity": "sha512-1bVk2JhP660eMBtJQWJp5a3wPvS/TtqFBW4t5akMUNnEPr7Qj7QXuGCOBF6nSEqYBBQ9KuwZpp/6OzcQI5hkXg==",
			"dev": true
		},
		"eventemitter2": {
			"version": "6.4.4",
			"resolved": "https://registry.npmjs.org/eventemitter2/-/eventemitter2-6.4.4.tgz",
			"integrity": "sha512-HLU3NDY6wARrLCEwyGKRBvuWYyvW6mHYv72SJJAH3iJN3a6eVUvkjFkcxah1bcTgGVBBrFdIopBJPhCQFMLyXw=="
		},
		"uniqid": {
			"version": "5.3.0",
			"resolved": "https://registry.npmjs.org/uniqid/-/uniqid-5.3.0.tgz",
			"integrity": "sha512-Jq8EzvAT8/CcLu8tzoSiylnzPkNhJJKpnMT964Dj1jI4pG4sKYP9aFVByNTp8KzMvYlW1Um63PCDqtOoujNzrA=="
		}
	}
}
